
Microsoft Visual Studio Solution File, Format Version 12.00
# Visual Studio Version 17
VisualStudioVersion = 17.3.32929.385
MinimumVisualStudioVersion = 10.0.40219.1
Project("{FAE04EC0-301F-11D3-BF4B-00C04F79EFBC}") = "WebAppHotTours", "WebAppHotTours\WebAppHotTours.csproj", "{3470DF9E-D4F7-47AC-AA1D-314356D6844B}"
EndProject
Global
	GlobalSection(SolutionConfigurationPlatforms) = preSolution
		Debug|Any CPU = Debug|Any CPU
		Release|Any CPU = Release|Any CPU
	EndGlobalSection
	GlobalSection(ProjectConfigurationPlatforms) = postSolution
		{3470DF9E-D4F7-47AC-AA1D-314356D6844B}.Debug|Any CPU.ActiveCfg = Debug|Any CPU
		{3470DF9E-D4F7-47AC-AA1D-314356D6844B}.Debug|Any CPU.Build.0 = Debug|Any CPU
		{3470DF9E-D4F7-47AC-AA1D-314356D6844B}.Release|Any CPU.ActiveCfg = Release|Any CPU
		{3470DF9E-D4F7-47AC-AA1D-314356D6844B}.Release|Any CPU.Build.0 = Release|Any CPU
	EndGlobalSection
	GlobalSection(SolutionProperties) = preSolution
		HideSolutionNode = FALSE
	EndGlobalSection
	GlobalSection(ExtensibilityGlobals) = postSolution
		SolutionGuid = {47D7582D-CBBC-4405-9B63-C85E2FF8754A}
	EndGlobalSection
EndGlobal
